github.com/ebitengine/debugui v0.2.0 h1:FPAgRRzB8QqsyRnMVlzyiVcZTg5l69BMpHlnHktdQg8=
github.com/ebitengine/debugui v0.2.0/go.mod h1:I9KvQiFgUVO+a3GntY7k+t6QZBESqwKcoegEbYuddw4=
github.com/ebitengine/gomobile v0.0.0-20260211053922-3d992dae95d1 h1:U8WldvN7/4cgo65U2fr2urv43/yhqYOK5FegFPPfI4M=
github.com/ebitengine/gomobile v0.0.0-20260211053922-3d992dae95d1/go.mod h1:J7sDBRQG9pJGMa9Z+h8l3flwk0yEKDzWeR57vA1LI5U=
github.com/ebitengine/hideconsole v1.0.0 h1:5J4U0kXF+pv/DhiXt5/lTz0eO5ogJ1iXb8Yj1yReDqE=
github.com/ebitengine/hideconsole v1.0.0/go.mod h1:hTTBTvVYWKBuxPr7peweneWdkUwEuHuB3C1R/ielR1A=
github.com/ebitengine/oto/v3 v3.5.0-alpha.3.0.20260414020926-c7371b45fd92 h1:Cni4aq8DIPk4Chrh6wck5FR48FSLlSYEP66z++kLwsM=
github.com/ebitengine/oto/v3 v3.5.0-alpha.3.0.20260414020926-c7371b45fd92/go.mod h1:x/WBbSrO8m/lqbRD1lp+op0K9vg6v6QPVPrVTErFvbE=
github.com/ebitengine/purego v0.11.0-alpha.1 h1:p9MRdpEz2yC1tLE132XVQtQa+hmnj2DeKQ0Djc8n3n0=
github.com/ebitengine/purego v0.11.0-alpha.1/go.mod h1:iIjxzd6CiRiOG0UyXP+V1+jWqUXVjPKLAI0mRfJZTmQ=
github.com/go-text/typesetting v0.3.5-0.20260328164731-48df487c1500 h1:l7639IpdOGEudiCMSyhyqg/floLzrSMQ5NTt8biUa8E=
github.com/go-text/typesetting v0.3.5-0.20260328164731-48df487c1500/go.mod h1:yW47fmJYxJsPcyNWEOGM2lNx766ZKw0cilos3XaD5YY=
github.com/go-text/typesetting-utils v0.0.0-20260327125527-fbf04b32d9ad h1:J6fi06yzug4KkyQo0hK7UZVFBIlCh7iaG38sGq7THaY=
github.com/go-text/typesetting-utils v0.0.0-20260327125527-fbf04b32d9ad/go.mod h1:3/62I4La/HBRX9TcTpBj4eipLiwzf+vhI+7whTc9V7o=
github.com/go-webgpu/goffi v0.5.2 h1:Kq2llPlA6IhkkmAffkM5CtsgaXuBQC4mBI0BOREwV04=
github.com/go-webgpu/goffi v0.5.2/go.mod h1:wfoxNsJkU+5RFbV1kNN1kunhc1lFHuJKK3zpgx08/uM=
github.com/go-webgpu/webgpu v0.5.2 h1:E+yKCbRw/Dgn77pb/CX3kXatwwROGX7/B4ZFbRPaRbQ=
github.com/go-webgpu/webgpu v0.5.2/go.mod h1:d2RR3tI2kUtcMfpC+qJt46IRkDslRhftjCfQvnprGkY=
github.com/gogpu/gg v0.48.7 h1:a2Se9XgjP0VtJzHO62hRZCUlBIVLJDpO2MSfIIh2wkw=
github.com/gogpu/gg v0.48.7/go.mod h1:KtMYgYxsSSNhKhia9vmOU9muvz9gROCTj8A7ZGxPwb8=
github.com/gogpu/gogpu v0.41.3 h1:knGEQ1CLT9M/Xi3vs6b3mgY/9EVHReR1hSW7CJ/97aE=
github.com/gogpu/gogpu v0.41.3/go.mod h1:43kdkwva6U0rb0kaVJSTRv5ne7PGA1+5KmyGW+cl0PY=
github.com/gogpu/gpucontext v0.19.0 h1:cVm5wUtK7F/anyYXc7vncrB/F9ujBQ2XUbi3oq4hBQ8=
github.com/gogpu/gpucontext v0.19.0/go.mod h1:6zwdmYXH5GQltoiHbb3WXVS/UJ5bFsCux0mXCVqGlzY=
github.com/gogpu/gputypes v0.5.0 h1:i2ED/9w6m6yLxf8XJT69/NIMSNTLO2y5F1LqvugCKIE=
github.com/gogpu/gputypes v0.5.0/go.mod h1:cnXrDMwTpWTvJLW1Vreop3PcT6a2YP/i3s91rPaOavw=
github.com/gogpu/naga v0.17.13 h1:VlponVgD1fEfNotx0874M4n7tnfum8YlMEB3pBdd2Ps=
github.com/gogpu/naga v0.17.13/go.mod h1:15sQaHKkbqXcwTN+hHYGLsA0WBBnkmYzne/eF5p5WEg=
github.com/gogpu/wgpu v0.29.1 h1:pSLOpg/VlhnkyZ2ffmnqkGUVAiuCbPnnduxlWgPHZwI=
github.com/gogpu/wgpu v0.29.1/go.mod h1:aZVNcEK4tf8fmSha+W7vwxxfJBBRWvUMjT+17bWHSYY=
github.com/hajimehoshi/bitmapfont/v4 v4.1.0 h1:eE3qa5Do4qhowZVIHjsrX5pYyyPN6sAFWMsO7QREm3U=
github.com/hajimehoshi/bitmapfont/v4 v4.1.0/go.mod h1:/PD+aLjAJ0F2UoQx6hkOfXqWN7BkroDUMr5W+IT1dpE=
github.com/hajimehoshi/ebiten/v2 v2.10.0-alpha.11 h1:smxqW1wiB0f2qebCcUvFz08bz1JCr6u9zUDg9MAZC7Q=
github.com/hajimehoshi/ebiten/v2 v2.10.0-alpha.11/go.mod h1:q2inRISi3vlykqcmrrdy99pXFBxeiHzIM/gqhYIOJ7M=
github.com/hajimehoshi/go-mp3 v0.3.4 h1:NUP7pBYH8OguP4diaTZ9wJbUbk3tC0KlfzsEpWmYj68=
github.com/hajimehoshi/go-mp3 v0.3.4/go.mod h1:fRtZraRFcWb0pu7ok0LqyFhCUrPeMsGRSVop0eemFmo=
github.com/hajimehoshi/oto/v2 v2.3.1/go.mod h1:seWLbgHH7AyUMYKfKYT9pg7PhUu9/SisyJvNTT+ASQo=
github.com/jezek/xgb v1.3.0 h1:Wa1pn4GVtcmNVAVB6/pnQVJ7xPFZVZ/W1Tc27msDhgI=
github.com/jezek/xgb v1.3.0/go.mod h1:nrhwO0FX/enq75I7Y7G8iN1ubpSGZEiA3v9e9GyRFlk=
github.com/jfreymuth/oggvorbis v1.0.5 h1:u+Ck+R0eLSRhgq8WTmffYnrVtSztJcYrl588DM4e3kQ=
github.com/jfreymuth/oggvorbis v1.0.5/go.mod h1:1U4pqWmghcoVsCJJ4fRBKv9peUJMBHixthRlBeD6uII=
github.com/jfreymuth/pulse v0.1.1 h1:9WLNBNCijmtZ14ZJpatgJPu/NjwAl3TIKItSFnTh+9A=
github.com/jfreymuth/pulse v0.1.1/go.mod h1:cpYspI6YljhkUf1WLXLLDmeaaPFc3CnGLjDZf9dZ4no=
github.com/jfreymuth/vorbis v1.0.2 h1:m1xH6+ZI4thH927pgKD8JOH4eaGRm18rEE9/0WKjvNE=
github.com/jfreymuth/vorbis v1.0.2/go.mod h1:DoftRo4AznKnShRl1GxiTFCseHr4zR9BN3TWXyuzrqQ=
github.com/kazzmir/opus-go v1.3.0 h1:8JbU37tY1EqOE/b+orjgfwua0RW4TLZq+FhU0Nj5NsM=
github.com/kazzmir/opus-go v1.3.0/go.mod h1:oKDlLYxYVpknE4zKDmJyiLPB9RyhKw0n/l7EoPr6000=
github.com/pierrec/lz4/v4 v4.1.22 h1:cKFw6uJDK+/gfw5BcDL0JL5aBsAFdsIT18eRtLj7VIU=
github.com/pierrec/lz4/v4 v4.1.22/go.mod h1:gZWDp/Ze/IJXGXf23ltt2EXimqmTUXEy0GFuRQyBid4=
github.com/rivo/uniseg v0.4.7 h1:WUdvkW8uEhrYfLC4ZzdpI2ztxP1I582+49Oc5Mq64VQ=
github.com/rivo/uniseg v0.4.7/go.mod h1:FN3SvrM+Zdj16jyLfmOkMNblXMcoc8DfTHruCPUcx88=
golang.org/x/image v0.40.0 h1:Tw4GyDXMo+daZN1znreBRC3VayR1aLFUyUEOLUdW1a8=
golang.org/x/image v0.40.0/go.mod h1:uIc348UZMSvS5Z65CVZ7iDPaNobNFEPeJ4kbqTOszmA=
golang.org/x/sync v0.20.0 h1:e0PTpb7pjO8GAtTs2dQ6jYa5BWYlMuX047Dco/pItO4=
golang.org/x/sync v0.20.0/go.mod h1:9xrNwdLfx4jkKbNva9FpL6vEN7evnE43NNNJQ2LF3+0=
golang.org/x/sys v0.0.0-20220712014510-0a85c31ab51e/go.mod h1:oPkhp1MJrh7nUepCBck5+mAzfO9JrbApNNgaTdGDITg=
golang.org/x/sys v0.45.0 h1:dO4czNzziLiiXplLQgBCEpCvXQ3dnkn0SdaZSYdQ+FY=
golang.org/x/sys v0.45.0/go.mod h1:4GL1E5IUh+htKOUEOaiffhrAeqysfVGipDYzABqnCmw=
golang.org/x/text v0.37.0 h1:Cqjiwd9eSg8e0QAkyCaQTNHFIIzWtidPahFWR83rTrc=
golang.org/x/text v0.37.0/go.mod h1:a5sjxXGs9hsn/AJVwuElvCAo9v8QYLzvavO5z2PiM38=
